
Microsoft Visual Studio Solution File, Format Version 12.00
# Visual Studio 15
Project("{FAE04EC0-301F-11D3-BF4B-00C04F79EFBC}") = "SkiaSharpFunction", "SkiaSharpFunction\SkiaSharpFunction.csproj", "{9FA98C9E-4775-4DCC-9D68-952FCA081EC5}"
EndProject
Global
	GlobalSection(SolutionConfigurationPlatforms) = preSolution
		Debug|Any CPU = Debug|Any CPU
		Release|Any CPU = Release|Any CPU
	EndGlobalSection
	GlobalSection(ProjectConfigurationPlatforms) = postSolution
		{9FA98C9E-4775-4DCC-9D68-952FCA081EC5}.Debug|Any CPU.ActiveCfg = Debug|Any CPU
		{9FA98C9E-4775-4DCC-9D68-952FCA081EC5}.Debug|Any CPU.Build.0 = Debug|Any CPU
		{9FA98C9E-4775-4DCC-9D68-952FCA081EC5}.Release|Any CPU.ActiveCfg = Release|Any CPU
		{9FA98C9E-4775-4DCC-9D68-952FCA081EC5}.Release|Any CPU.Build.0 = Release|Any CPU
	EndGlobalSection
EndGlobal
